
Microsoft Visual Studio Solution File, Format Version 12.00
# Visual Studio 15
VisualStudioVersion = 15.0.26730.16
MinimumVisualStudioVersion = 10.0.40219.1
Project("{FAE04EC0-301F-11D3-BF4B-00C04F79EFBC}") = "WindowsFormsApp9", "WindowsFormsApp9\WindowsFormsApp9.csproj", "{CE716AD6-29C6-4EE7-9CDF-0C9942766E53}"
EndProject
Global
	GlobalSection(SolutionConfigurationPlatforms) = preSolution
		Debug|Any CPU = Debug|Any CPU
		Release|Any CPU = Release|Any CPU
	EndGlobalSection
	GlobalSection(ProjectConfigurationPlatforms) = postSolution
		{CE716AD6-29C6-4EE7-9CDF-0C9942766E53}.Debug|Any CPU.ActiveCfg = Debug|Any CPU
		{CE716AD6-29C6-4EE7-9CDF-0C9942766E53}.Debug|Any CPU.Build.0 = Debug|Any CPU
		{CE716AD6-29C6-4EE7-9CDF-0C9942766E53}.Release|Any CPU.ActiveCfg = Release|Any CPU
		{CE716AD6-29C6-4EE7-9CDF-0C9942766E53}.Release|Any CPU.Build.0 = Release|Any CPU
	EndGlobalSection
	GlobalSection(SolutionProperties) = preSolution
		HideSolutionNode = FALSE
	EndGlobalSection
	GlobalSection(ExtensibilityGlobals) = postSolution
		SolutionGuid = {20C8BDE0-92B8-45CE-B26C-98C0826F6E83}
	EndGlobalSection
EndGlobal
